
Microsoft Visual Studio Solution File, Format Version 12.00
# Visual Studio Version 17
VisualStudioVersion = 17.12.35527.113 d17.12
MinimumVisualStudioVersion = 10.0.40219.1
Project("{FAE04EC0-301F-11D3-BF4B-00C04F79EFBC}") = "BusTicketSoftito", "BusTicketSoftito\BusTicketSoftito.csproj", "{49516D65-942A-4D60-A290-D42A7EF8E893}"
EndProject
Project("{FAE04EC0-301F-11D3-BF4B-00C04F79EFBC}") = "EntityLayer", "EntityLayer\EntityLayer.csproj", "{2991DB3E-1551-44D2-A350-EA55109E8FBA}"
EndProject
Project("{FAE04EC0-301F-11D3-BF4B-00C04F79EFBC}") = "DataAccessLayer", "DataAccessLayer\DataAccessLayer.csproj", "{FCA8D7BB-0751-4D7B-BFD0-969BA7CBDCBD}"
EndProject
Project("{FAE04EC0-301F-11D3-BF4B-00C04F79EFBC}") = "BusinessLayer", "BusinessLayer\BusinessLayer.csproj", "{8BC67289-413E-46FA-8F03-E72031AD7B96}"
EndProject
Global
	GlobalSection(SolutionConfigurationPlatforms) = preSolution
		Debug|Any CPU = Debug|Any CPU
		Release|Any CPU = Release|Any CPU
	EndGlobalSection
	GlobalSection(ProjectConfigurationPlatforms) = postSolution
		{49516D65-942A-4D60-A290-D42A7EF8E893}.Debug|Any CPU.ActiveCfg = Debug|Any CPU
		{49516D65-942A-4D60-A290-D42A7EF8E893}.Debug|Any CPU.Build.0 = Debug|Any CPU
		{49516D65-942A-4D60-A290-D42A7EF8E893}.Release|Any CPU.ActiveCfg = Release|Any CPU
		{49516D65-942A-4D60-A290-D42A7EF8E893}.Release|Any CPU.Build.0 = Release|Any CPU
		{2991DB3E-1551-44D2-A350-EA55109E8FBA}.Debug|Any CPU.ActiveCfg = Debug|Any CPU
		{2991DB3E-1551-44D2-A350-EA55109E8FBA}.Debug|Any CPU.Build.0 = Debug|Any CPU
		{2991DB3E-1551-44D2-A350-EA55109E8FBA}.Release|Any CPU.ActiveCfg = Release|Any CPU
		{2991DB3E-1551-44D2-A350-EA55109E8FBA}.Release|Any CPU.Build.0 = Release|Any CPU
		{FCA8D7BB-0751-4D7B-BFD0-969BA7CBDCBD}.Debug|Any CPU.ActiveCfg = Debug|Any CPU
		{FCA8D7BB-0751-4D7B-BFD0-969BA7CBDCBD}.Debug|Any CPU.Build.0 = Debug|Any CPU
		{FCA8D7BB-0751-4D7B-BFD0-969BA7CBDCBD}.Release|Any CPU.ActiveCfg = Release|Any CPU
		{FCA8D7BB-0751-4D7B-BFD0-969BA7CBDCBD}.Release|Any CPU.Build.0 = Release|Any CPU
		{8BC67289-413E-46FA-8F03-E72031AD7B96}.Debug|Any CPU.ActiveCfg = Debug|Any CPU
		{8BC67289-413E-46FA-8F03-E72031AD7B96}.Debug|Any CPU.Build.0 = Debug|Any CPU
		{8BC67289-413E-46FA-8F03-E72031AD7B96}.Release|Any CPU.ActiveCfg = Release|Any CPU
		{8BC67289-413E-46FA-8F03-E72031AD7B96}.Release|Any CPU.Build.0 = Release|Any CPU
	EndGlobalSection
	GlobalSection(SolutionProperties) = preSolution
		HideSolutionNode = FALSE
	EndGlobalSection
EndGlobal
